
Microsoft Visual Studio Solution File, Format Version 12.00
# Visual Studio 15
VisualStudioVersion = 15.0.27130.2010
MinimumVisualStudioVersion = 10.0.40219.1
Project("{FAE04EC0-301F-11D3-BF4B-00C04F79EFBC}") = "OLO_Pizza_Exercise", "OLO_Pizza_Exercise\OLO_Pizza_Exercise.csproj", "{E4C6624A-3805-4FCE-9A42-C42DD6E6FC9F}"
EndProject
Global
	GlobalSection(SolutionConfigurationPlatforms) = preSolution
		Debug|Any CPU = Debug|Any CPU
		Release|Any CPU = Release|Any CPU
	EndGlobalSection
	GlobalSection(ProjectConfigurationPlatforms) = postSolution
		{E4C6624A-3805-4FCE-9A42-C42DD6E6FC9F}.Debug|Any CPU.ActiveCfg = Debug|Any CPU
		{E4C6624A-3805-4FCE-9A42-C42DD6E6FC9F}.Debug|Any CPU.Build.0 = Debug|Any CPU
		{E4C6624A-3805-4FCE-9A42-C42DD6E6FC9F}.Release|Any CPU.ActiveCfg = Release|Any CPU
		{E4C6624A-3805-4FCE-9A42-C42DD6E6FC9F}.Release|Any CPU.Build.0 = Release|Any CPU
	EndGlobalSection
	GlobalSection(SolutionProperties) = preSolution
		HideSolutionNode = FALSE
	EndGlobalSection
	GlobalSection(ExtensibilityGlobals) = postSolution
		SolutionGuid = {27AAEB75-2527-4A01-8B3A-EE04F4EF00C4}
	EndGlobalSection
EndGlobal
